
Microsoft Visual Studio Solution File, Format Version 12.00
# Visual Studio 15
VisualStudioVersion = 15.0.26430.6
MinimumVisualStudioVersion = 10.0.40219.1
Project("{2150E333-8FDC-42A3-9474-1A3956D46DE8}") = "src", "src", "{7E08A1A0-F37C-40E5-9E45-5BBFCC4B3A33}"
EndProject
Project("{2150E333-8FDC-42A3-9474-1A3956D46DE8}") = "Solution Items", "Solution Items", "{02703CA2-F52F-4E4B-9B91-F9999F1B3EFC}"
	ProjectSection(SolutionItems) = preProject
		.editorconfig = .editorconfig
		.gitattributes = .gitattributes
		.gitignore = .gitignore
		appveyor.yml = appveyor.yml
		build\Build.proj = build\Build.proj
		README.md = README.md
	EndProjectSection
EndProject
Project("{2150E333-8FDC-42A3-9474-1A3956D46DE8}") = "test", "test", "{35C355A2-17BD-40CA-8C79-814FB65E7674}"
EndProject
Project("{2150E333-8FDC-42A3-9474-1A3956D46DE8}") = "samples", "samples", "{3640C399-6DEF-4035-9D71-99C9F4FBF0BC}"
EndProject
Project("{9A19103F-16F7-4668-BE54-9A1E7A4F7556}") = "MR.AttributeDI.Abstractions", "src\MR.AttributeDI.Abstractions\MR.AttributeDI.Abstractions.csproj", "{A94DF1D7-48EB-4DCC-877C-4F734D0A90BB}"
EndProject
Project("{9A19103F-16F7-4668-BE54-9A1E7A4F7556}") = "MR.AttributeDI.Abstractions.Tests", "test\MR.AttributeDI.Abstractions.Tests\MR.AttributeDI.Abstractions.Tests.csproj", "{650A5A85-5956-491E-9312-5E25A27D1108}"
EndProject
Project("{9A19103F-16F7-4668-BE54-9A1E7A4F7556}") = "MR.AttributeDI.ServiceCollection", "src\MR.AttributeDI.ServiceCollection\MR.AttributeDI.ServiceCollection.csproj", "{12663066-EEB1-44C3-A2E1-26920A4707C0}"
EndProject
Project("{9A19103F-16F7-4668-BE54-9A1E7A4F7556}") = "MR.AttributeDI.ServiceCollection.Tests", "test\MR.AttributeDI.ServiceCollection.Tests\MR.AttributeDI.ServiceCollection.Tests.csproj", "{8D80C54D-2E37-407B-A755-0F36485C331C}"
EndProject
Project("{9A19103F-16F7-4668-BE54-9A1E7A4F7556}") = "MR.AttributeDI.Autofac", "src\MR.AttributeDI.Autofac\MR.AttributeDI.Autofac.csproj", "{2994137E-F117-4B4F-B6D7-F0D2669260F0}"
EndProject
Project("{9A19103F-16F7-4668-BE54-9A1E7A4F7556}") = "MR.AttributeDI.Autofac.Tests", "test\MR.AttributeDI.Autofac.Tests\MR.AttributeDI.Autofac.Tests.csproj", "{60B1B0B1-663B-482E-BA1C-4A5BCF5A2845}"
EndProject
Project("{9A19103F-16F7-4668-BE54-9A1E7A4F7556}") = "Basic", "samples\Basic\Basic.csproj", "{C321FF05-B05D-4E2D-9557-16032F7E97D2}"
EndProject
Project("{2150E333-8FDC-42A3-9474-1A3956D46DE8}") = "build", "build", "{B6488E72-1986-4B0F-8758-C0B3F29667B3}"
	ProjectSection(SolutionItems) = preProject
		build.cake = build.cake
		build\common.props = build\common.props
		build\index.cake = build\index.cake
		build\util.cake = build\util.cake
		build\version.cake = build\version.cake
		build\version.props = build\version.props
	EndProjectSection
EndProject
Global
	GlobalSection(SolutionConfigurationPlatforms) = preSolution
		Debug|Any CPU = Debug|Any CPU
		Release|Any CPU = Release|Any CPU
	EndGlobalSection
	GlobalSection(ProjectConfigurationPlatforms) = postSolution
		{A94DF1D7-48EB-4DCC-877C-4F734D0A90BB}.Debug|Any CPU.ActiveCfg = Debug|Any CPU
		{A94DF1D7-48EB-4DCC-877C-4F734D0A90BB}.Debug|Any CPU.Build.0 = Debug|Any CPU
		{A94DF1D7-48EB-4DCC-877C-4F734D0A90BB}.Release|Any CPU.ActiveCfg = Release|Any CPU
		{A94DF1D7-48EB-4DCC-877C-4F734D0A90BB}.Release|Any CPU.Build.0 = Release|Any CPU
		{650A5A85-5956-491E-9312-5E25A27D1108}.Debug|Any CPU.ActiveCfg = Debug|Any CPU
		{650A5A85-5956-491E-9312-5E25A27D1108}.Debug|Any CPU.Build.0 = Debug|Any CPU
		{650A5A85-5956-491E-9312-5E25A27D1108}.Release|Any CPU.ActiveCfg = Release|Any CPU
		{650A5A85-5956-491E-9312-5E25A27D1108}.Release|Any CPU.Build.0 = Release|Any CPU
		{12663066-EEB1-44C3-A2E1-26920A4707C0}.Debug|Any CPU.ActiveCfg = Debug|Any CPU
		{12663066-EEB1-44C3-A2E1-26920A4707C0}.Debug|Any CPU.Build.0 = Debug|Any CPU
		{12663066-EEB1-44C3-A2E1-26920A4707C0}.Release|Any CPU.ActiveCfg = Release|Any CPU
		{12663066-EEB1-44C3-A2E1-26920A4707C0}.Release|Any CPU.Build.0 = Release|Any CPU
		{8D80C54D-2E37-407B-A755-0F36485C331C}.Debug|Any CPU.ActiveCfg = Debug|Any CPU
		{8D80C54D-2E37-407B-A755-0F36485C331C}.Debug|Any CPU.Build.0 = Debug|Any CPU
		{8D80C54D-2E37-407B-A755-0F36485C331C}.Release|Any CPU.ActiveCfg = Release|Any CPU
		{8D80C54D-2E37-407B-A755-0F36485C331C}.Release|Any CPU.Build.0 = Release|Any CPU
		{2994137E-F117-4B4F-B6D7-F0D2669260F0}.Debug|Any CPU.ActiveCfg = Debug|Any CPU
		{2994137E-F117-4B4F-B6D7-F0D2669260F0}.Debug|Any CPU.Build.0 = Debug|Any CPU
		{2994137E-F117-4B4F-B6D7-F0D2669260F0}.Release|Any CPU.ActiveCfg = Release|Any CPU
		{2994137E-F117-4B4F-B6D7-F0D2669260F0}.Release|Any CPU.Build.0 = Release|Any CPU
		{60B1B0B1-663B-482E-BA1C-4A5BCF5A2845}.Debug|Any CPU.ActiveCfg = Debug|Any CPU
		{60B1B0B1-663B-482E-BA1C-4A5BCF5A2845}.Debug|Any CPU.Build.0 = Debug|Any CPU
		{60B1B0B1-663B-482E-BA1C-4A5BCF5A2845}.Release|Any CPU.ActiveCfg = Release|Any CPU
		{60B1B0B1-663B-482E-BA1C-4A5BCF5A2845}.Release|Any CPU.Build.0 = Release|Any CPU
		{C321FF05-B05D-4E2D-9557-16032F7E97D2}.Debug|Any CPU.ActiveCfg = Debug|Any CPU
		{C321FF05-B05D-4E2D-9557-16032F7E97D2}.Debug|Any CPU.Build.0 = Debug|Any CPU
		{C321FF05-B05D-4E2D-9557-16032F7E97D2}.Release|Any CPU.ActiveCfg = Release|Any CPU
		{C321FF05-B05D-4E2D-9557-16032F7E97D2}.Release|Any CPU.Build.0 = Release|Any CPU
	EndGlobalSection
	GlobalSection(SolutionProperties) = preSolution
		HideSolutionNode = FALSE
	EndGlobalSection
	GlobalSection(NestedProjects) = preSolution
		{A94DF1D7-48EB-4DCC-877C-4F734D0A90BB} = {7E08A1A0-F37C-40E5-9E45-5BBFCC4B3A33}
		{650A5A85-5956-491E-9312-5E25A27D1108} = {35C355A2-17BD-40CA-8C79-814FB65E7674}
		{12663066-EEB1-44C3-A2E1-26920A4707C0} = {7E08A1A0-F37C-40E5-9E45-5BBFCC4B3A33}
		{8D80C54D-2E37-407B-A755-0F36485C331C} = {35C355A2-17BD-40CA-8C79-814FB65E7674}
		{2994137E-F117-4B4F-B6D7-F0D2669260F0} = {7E08A1A0-F37C-40E5-9E45-5BBFCC4B3A33}
		{60B1B0B1-663B-482E-BA1C-4A5BCF5A2845} = {35C355A2-17BD-40CA-8C79-814FB65E7674}
		{C321FF05-B05D-4E2D-9557-16032F7E97D2} = {3640C399-6DEF-4035-9D71-99C9F4FBF0BC}
	EndGlobalSection
EndGlobal
